
Microsoft Visual Studio Solution File, Format Version 12.00
# Visual Studio 15
VisualStudioVersion = 15.0.28307.1145
MinimumVisualStudioVersion = 10.0.40219.1
Project("{FAE04EC0-301F-11D3-BF4B-00C04F79EFBC}") = "SRPDemo", "SRPDemo\SRPDemo.csproj", "{DCB122AA-7879-44DB-8E8A-6044C13B4E00}"
EndProject
Project("{FAE04EC0-301F-11D3-BF4B-00C04F79EFBC}") = "ISPDemoConsole", "ISPDemoConsole\ISPDemoConsole.csproj", "{D1D418F4-240D-4174-BBEB-9AEA782A359F}"
EndProject
Project("{FAE04EC0-301F-11D3-BF4B-00C04F79EFBC}") = "OpenClosedDemo", "OpenClosedDemo\OpenClosedDemo.csproj", "{D14D5479-3174-4D9C-99E1-6B0B4F80EB0D}"
EndProject
Project("{FAE04EC0-301F-11D3-BF4B-00C04F79EFBC}") = "LSPDemoConsole", "LSPDemoConsole\LSPDemoConsole.csproj", "{94ED7C9A-EDB5-49F6-BE6E-D2BC3F88C121}"
EndProject
Project("{FAE04EC0-301F-11D3-BF4B-00C04F79EFBC}") = "DIPDemo", "DIPDemo\DIPDemo.csproj", "{D4E35E79-7984-4AD6-B89D-B360FED17FA1}"
EndProject
Global
	GlobalSection(SolutionConfigurationPlatforms) = preSolution
		Debug|Any CPU = Debug|Any CPU
		Release|Any CPU = Release|Any CPU
	EndGlobalSection
	GlobalSection(ProjectConfigurationPlatforms) = postSolution
		{DCB122AA-7879-44DB-8E8A-6044C13B4E00}.Debug|Any CPU.ActiveCfg = Debug|Any CPU
		{DCB122AA-7879-44DB-8E8A-6044C13B4E00}.Debug|Any CPU.Build.0 = Debug|Any CPU
		{DCB122AA-7879-44DB-8E8A-6044C13B4E00}.Release|Any CPU.ActiveCfg = Release|Any CPU
		{DCB122AA-7879-44DB-8E8A-6044C13B4E00}.Release|Any CPU.Build.0 = Release|Any CPU
		{D1D418F4-240D-4174-BBEB-9AEA782A359F}.Debug|Any CPU.ActiveCfg = Debug|Any CPU
		{D1D418F4-240D-4174-BBEB-9AEA782A359F}.Debug|Any CPU.Build.0 = Debug|Any CPU
		{D1D418F4-240D-4174-BBEB-9AEA782A359F}.Release|Any CPU.ActiveCfg = Release|Any CPU
		{D1D418F4-240D-4174-BBEB-9AEA782A359F}.Release|Any CPU.Build.0 = Release|Any CPU
		{D14D5479-3174-4D9C-99E1-6B0B4F80EB0D}.Debug|Any CPU.ActiveCfg = Debug|Any CPU
		{D14D5479-3174-4D9C-99E1-6B0B4F80EB0D}.Debug|Any CPU.Build.0 = Debug|Any CPU
		{D14D5479-3174-4D9C-99E1-6B0B4F80EB0D}.Release|Any CPU.ActiveCfg = Release|Any CPU
		{D14D5479-3174-4D9C-99E1-6B0B4F80EB0D}.Release|Any CPU.Build.0 = Release|Any CPU
		{94ED7C9A-EDB5-49F6-BE6E-D2BC3F88C121}.Debug|Any CPU.ActiveCfg = Debug|Any CPU
		{94ED7C9A-EDB5-49F6-BE6E-D2BC3F88C121}.Debug|Any CPU.Build.0 = Debug|Any CPU
		{94ED7C9A-EDB5-49F6-BE6E-D2BC3F88C121}.Release|Any CPU.ActiveCfg = Release|Any CPU
		{94ED7C9A-EDB5-49F6-BE6E-D2BC3F88C121}.Release|Any CPU.Build.0 = Release|Any CPU
		{D4E35E79-7984-4AD6-B89D-B360FED17FA1}.Debug|Any CPU.ActiveCfg = Debug|Any CPU
		{D4E35E79-7984-4AD6-B89D-B360FED17FA1}.Debug|Any CPU.Build.0 = Debug|Any CPU
		{D4E35E79-7984-4AD6-B89D-B360FED17FA1}.Release|Any CPU.ActiveCfg = Release|Any CPU
		{D4E35E79-7984-4AD6-B89D-B360FED17FA1}.Release|Any CPU.Build.0 = Release|Any CPU
	EndGlobalSection
	GlobalSection(SolutionProperties) = preSolution
		HideSolutionNode = FALSE
	EndGlobalSection
	GlobalSection(ExtensibilityGlobals) = postSolution
		SolutionGuid = {C28DC985-9328-4A48-BAB1-0F44F9411609}
	EndGlobalSection
EndGlobal
